
Microsoft Visual Studio Solution File, Format Version 12.00
# Visual Studio Version 17
VisualStudioVersion = 17.8.34112.27
MinimumVisualStudioVersion = 10.0.40219.1
Project("{9A19103F-16F7-4668-BE54-9A1E7A4F7556}") = "Gadz.Dapper.Extensions", "Gadz.Dapper.Extensions\Gadz.Dapper.Extensions.csproj", "{D2070C21-1F6E-439F-ACF8-E69B56E3D5AE}"
EndProject
Project("{9A19103F-16F7-4668-BE54-9A1E7A4F7556}") = "Gadz.Dapper.Extensions.Tests", "Gadz.Dapper.Extensions.Tests\Gadz.Dapper.Extensions.Tests.csproj", "{DCD7E3AC-9723-42D7-9F70-BAD1DB4767B9}"
EndProject
Global
	GlobalSection(SolutionConfigurationPlatforms) = preSolution
		Debug|Any CPU = Debug|Any CPU
		Release|Any CPU = Release|Any CPU
	EndGlobalSection
	GlobalSection(ProjectConfigurationPlatforms) = postSolution
		{D2070C21-1F6E-439F-ACF8-E69B56E3D5AE}.Debug|Any CPU.ActiveCfg = Debug|Any CPU
		{D2070C21-1F6E-439F-ACF8-E69B56E3D5AE}.Debug|Any CPU.Build.0 = Debug|Any CPU
		{D2070C21-1F6E-439F-ACF8-E69B56E3D5AE}.Release|Any CPU.ActiveCfg = Release|Any CPU
		{D2070C21-1F6E-439F-ACF8-E69B56E3D5AE}.Release|Any CPU.Build.0 = Release|Any CPU
		{DCD7E3AC-9723-42D7-9F70-BAD1DB4767B9}.Debug|Any CPU.ActiveCfg = Debug|Any CPU
		{DCD7E3AC-9723-42D7-9F70-BAD1DB4767B9}.Debug|Any CPU.Build.0 = Debug|Any CPU
		{DCD7E3AC-9723-42D7-9F70-BAD1DB4767B9}.Release|Any CPU.ActiveCfg = Release|Any CPU
		{DCD7E3AC-9723-42D7-9F70-BAD1DB4767B9}.Release|Any CPU.Build.0 = Release|Any CPU
	EndGlobalSection
	GlobalSection(SolutionProperties) = preSolution
		HideSolutionNode = FALSE
	EndGlobalSection
	GlobalSection(ExtensibilityGlobals) = postSolution
		SolutionGuid = {9F58E574-9AB8-43FC-8265-71B4BC0F78B9}
	EndGlobalSection
EndGlobal
